
Microsoft Visual Studio Solution File, Format Version 12.00
# Visual Studio Version 16
VisualStudioVersion = 16.0.32802.440
MinimumVisualStudioVersion = 10.0.40219.1
Project("{FAE04EC0-301F-11D3-BF4B-00C04F79EFBC}") = "лр 6 3", "лр 6 3\лр 6 3.csproj", "{F309D489-5B86-48C4-BB37-11A37A010B42}"
EndProject
Global
	GlobalSection(SolutionConfigurationPlatforms) = preSolution
		Debug|Any CPU = Debug|Any CPU
		Release|Any CPU = Release|Any CPU
	EndGlobalSection
	GlobalSection(ProjectConfigurationPlatforms) = postSolution
		{F309D489-5B86-48C4-BB37-11A37A010B42}.Debug|Any CPU.ActiveCfg = Debug|Any CPU
		{F309D489-5B86-48C4-BB37-11A37A010B42}.Debug|Any CPU.Build.0 = Debug|Any CPU
		{F309D489-5B86-48C4-BB37-11A37A010B42}.Release|Any CPU.ActiveCfg = Release|Any CPU
		{F309D489-5B86-48C4-BB37-11A37A010B42}.Release|Any CPU.Build.0 = Release|Any CPU
	EndGlobalSection
	GlobalSection(SolutionProperties) = preSolution
		HideSolutionNode = FALSE
	EndGlobalSection
	GlobalSection(ExtensibilityGlobals) = postSolution
		SolutionGuid = {421943B3-42DF-4488-9834-77F164815D9B}
	EndGlobalSection
EndGlobal
